// !$*UTF8*$!
{
	archiveVersion = 1;
	classes = {
	};
	objectVersion = 48;
	objects = {

/* Begin PBXBuildFile section */
		1B389785082A067E56228758 /* Pods_skillUpTest_6_171216Tests.framework in Frameworks */ = {isa = PBXBuildFile; fileRef = B5932B015AA5D5C3278777E4 /* Pods_skillUpTest_6_171216Tests.framework */; };
		BE3009D31FF42A11006C007E /* MocRealm.swift in Sources */ = {isa = PBXBuildFile; fileRef = BE3009D21FF42A11006C007E /* MocRealm.swift */; };
		BE3009D61FF42A73006C007E /* MemoDaoTests.swift in Sources */ = {isa = PBXBuildFile; fileRef = BE3009D51FF42A73006C007E /* MemoDaoTests.swift */; };
		BE3009D81FF4CDB5006C007E /* MemoDtoTests.swift in Sources */ = {isa = PBXBuildFile; fileRef = BE3009D71FF4CDB5006C007E /* MemoDtoTests.swift */; };
		BE4F73DD1FF3783F0058CB24 /* AppDelegate.swift in Sources */ = {isa = PBXBuildFile; fileRef = BE4F73DC1FF3783F0058CB24 /* AppDelegate.swift */; };
		BE4F73E41FF3783F0058CB24 /* Assets.xcassets in Resources */ = {isa = PBXBuildFile; fileRef = BE4F73E31FF3783F0058CB24 /* Assets.xcassets */; };
		BE4F73E71FF3783F0058CB24 /* LaunchScreen.storyboard in Resources */ = {isa = PBXBuildFile; fileRef = BE4F73E51FF3783F0058CB24 /* LaunchScreen.storyboard */; };
		BE4F74031FF37AE90058CB24 /* RealmDaoHelper.swift in Sources */ = {isa = PBXBuildFile; fileRef = BE4F74021FF37AE90058CB24 /* RealmDaoHelper.swift */; };
		BE4F74061FF37B150058CB24 /* MemoDao.swift in Sources */ = {isa = PBXBuildFile; fileRef = BE4F74041FF37B150058CB24 /* MemoDao.swift */; };
		BE4F74071FF37B150058CB24 /* MemoDto.swift in Sources */ = {isa = PBXBuildFile; fileRef = BE4F74051FF37B150058CB24 /* MemoDto.swift */; };
		BE4F740B1FF37C3F0058CB24 /* MemoListViewController.swift in Sources */ = {isa = PBXBuildFile; fileRef = BE4F74091FF37C3F0058CB24 /* MemoListViewController.swift */; };
		BE4F740C1FF37C3F0058CB24 /* MemoList.storyboard in Resources */ = {isa = PBXBuildFile; fileRef = BE4F740A1FF37C3F0058CB24 /* MemoList.storyboard */; };
		BE4F740E1FF3802C0058CB24 /* MemoListTableViewProvider.swift in Sources */ = {isa = PBXBuildFile; fileRef = BE4F740D1FF3802C0058CB24 /* MemoListTableViewProvider.swift */; };
		BE4F74101FF3851D0058CB24 /* MemoListTableViewCell.swift in Sources */ = {isa = PBXBuildFile; fileRef = BE4F740F1FF3851D0058CB24 /* MemoListTableViewCell.swift */; };
		BE4F74141FF388EA0058CB24 /* String+Helper.swift in Sources */ = {isa = PBXBuildFile; fileRef = BE4F74121FF388EA0058CB24 /* String+Helper.swift */; };
		BE7030A31FF6000D003FAE2B /* MemoEdit.storyboard in Resources */ = {isa = PBXBuildFile; fileRef = BE7030A21FF6000D003FAE2B /* MemoEdit.storyboard */; };
		BE7030A51FF60028003FAE2B /* MemoEditViewController.swift in Sources */ = {isa = PBXBuildFile; fileRef = BE7030A41FF60028003FAE2B /* MemoEditViewController.swift */; };
		ED58226D8C8E9D348DAFC253 /* Pods_skillUpTest_6_171216.framework in Frameworks */ = {isa = PBXBuildFile; fileRef = A9E9EA753310DE7E6677474B /* Pods_skillUpTest_6_171216.framework */; };
/* End PBXBuildFile section */

/* Begin PBXContainerItemProxy section */
		BE4F73EE1FF3783F0058CB24 /* PBXContainerItemProxy */ = {
			isa = PBXContainerItemProxy;
			containerPortal = BE4F73D11FF3783F0058CB24 /* Project object */;
			proxyType = 1;
			remoteGlobalIDString = BE4F73D81FF3783F0058CB24;
			remoteInfo = skillUpTest_6_171216;
		};
/* End PBXContainerItemProxy section */

/* Begin PBXFileReference section */
		3E0ABE3358B24F03EFC13CE5 /* Pods-skillUpTest_6_171216.release.xcconfig */ = {isa = PBXFileReference; includeInIndex = 1; lastKnownFileType = text.xcconfig; name = "Pods-skillUpTest_6_171216.release.xcconfig"; path = "Pods/Target Support Files/Pods-skillUpTest_6_171216/Pods-skillUpTest_6_171216.release.xcconfig"; sourceTree = "<group>"; };
		55626A9272D3FE5C749EB9FB /* Pods-skillUpTest_6_171216.debug.xcconfig */ = {isa = PBXFileReference; includeInIndex = 1; lastKnownFileType = text.xcconfig; name = "Pods-skillUpTest_6_171216.debug.xcconfig"; path = "Pods/Target Support Files/Pods-skillUpTest_6_171216/Pods-skillUpTest_6_171216.debug.xcconfig"; sourceTree = "<group>"; };
		577508CE37E6F3076787BCA4 /* Pods-skillUpTest_6_171216Tests.debug.xcconfig */ = {isa = PBXFileReference; includeInIndex = 1; lastKnownFileType = text.xcconfig; name = "Pods-skillUpTest_6_171216Tests.debug.xcconfig"; path = "Pods/Target Support Files/Pods-skillUpTest_6_171216Tests/Pods-skillUpTest_6_171216Tests.debug.xcconfig"; sourceTree = "<group>"; };
		A9E9EA753310DE7E6677474B /* Pods_skillUpTest_6_171216.framework */ = {isa = PBXFileReference; explicitFileType = wrapper.framework; includeInIndex = 0; path = Pods_skillUpTest_6_171216.framework; sourceTree = BUILT_PRODUCTS_DIR; };
		B5932B015AA5D5C3278777E4 /* Pods_skillUpTest_6_171216Tests.framework */ = {isa = PBXFileReference; explicitFileType = wrapper.framework; includeInIndex = 0; path = Pods_skillUpTest_6_171216Tests.framework; sourceTree = BUILT_PRODUCTS_DIR; };
		BE3009D21FF42A11006C007E /* MocRealm.swift */ = {isa = PBXFileReference; lastKnownFileType = sourcecode.swift; path = MocRealm.swift; sourceTree = "<group>"; };
		BE3009D51FF42A73006C007E /* MemoDaoTests.swift */ = {isa = PBXFileReference; lastKnownFileType = sourcecode.swift; path = MemoDaoTests.swift; sourceTree = "<group>"; };
		BE3009D71FF4CDB5006C007E /* MemoDtoTests.swift */ = {isa = PBXFileReference; lastKnownFileType = sourcecode.swift; path = MemoDtoTests.swift; sourceTree = "<group>"; };
		BE4F73D91FF3783F0058CB24 /* skillUpTest_6_171216.app */ = {isa = PBXFileReference; explicitFileType = wrapper.application; includeInIndex = 0; path = skillUpTest_6_171216.app; sourceTree = BUILT_PRODUCTS_DIR; };
		BE4F73DC1FF3783F0058CB24 /* AppDelegate.swift */ = {isa = PBXFileReference; lastKnownFileType = sourcecode.swift; path = AppDelegate.swift; sourceTree = "<group>"; };
		BE4F73E31FF3783F0058CB24 /* Assets.xcassets */ = {isa = PBXFileReference; lastKnownFileType = folder.assetcatalog; path = Assets.xcassets; sourceTree = "<group>"; };
		BE4F73E61FF3783F0058CB24 /* Base */ = {isa = PBXFileReference; lastKnownFileType = file.storyboard; name = Base; path = Base.lproj/LaunchScreen.storyboard; sourceTree = "<group>"; };
		BE4F73E81FF3783F0058CB24 /* Info.plist */ = {isa = PBXFileReference; lastKnownFileType = text.plist.xml; path = Info.plist; sourceTree = "<group>"; };
		BE4F73ED1FF3783F0058CB24 /* skillUpTest_6_171216Tests.xctest */ = {isa = PBXFileReference; explicitFileType = wrapper.cfbundle; includeInIndex = 0; path = skillUpTest_6_171216Tests.xctest; sourceTree = BUILT_PRODUCTS_DIR; };
		BE4F73F31FF3783F0058CB24 /* Info.plist */ = {isa = PBXFileReference; lastKnownFileType = text.plist.xml; path = Info.plist; sourceTree = "<group>"; };
		BE4F74021FF37AE90058CB24 /* RealmDaoHelper.swift */ = {isa = PBXFileReference; fileEncoding = 4; lastKnownFileType = sourcecode.swift; path = RealmDaoHelper.swift; sourceTree = "<group>"; };
		BE4F74041FF37B150058CB24 /* MemoDao.swift */ = {isa = PBXFileReference; fileEncoding = 4; lastKnownFileType = sourcecode.swift; path = MemoDao.swift; sourceTree = "<group>"; };
		BE4F74051FF37B150058CB24 /* MemoDto.swift */ = {isa = PBXFileReference; fileEncoding = 4; lastKnownFileType = sourcecode.swift; path = MemoDto.swift; sourceTree = "<group>"; };
		BE4F74091FF37C3F0058CB24 /* MemoListViewController.swift */ = {isa = PBXFileReference; fileEncoding = 4; lastKnownFileType = sourcecode.swift; path = MemoListViewController.swift; sourceTree = "<group>"; };
		BE4F740A1FF37C3F0058CB24 /* MemoList.storyboard */ = {isa = PBXFileReference; fileEncoding = 4; lastKnownFileType = file.storyboard; path = MemoList.storyboard; sourceTree = "<group>"; };
		BE4F740D1FF3802C0058CB24 /* MemoListTableViewProvider.swift */ = {isa = PBXFileReference; lastKnownFileType = sourcecode.swift; path = MemoListTableViewProvider.swift; sourceTree = "<group>"; };
		BE4F740F1FF3851D0058CB24 /* MemoListTableViewCell.swift */ = {isa = PBXFileReference; lastKnownFileType = sourcecode.swift; path = MemoListTableViewCell.swift; sourceTree = "<group>"; };
		BE4F74121FF388EA0058CB24 /* String+Helper.swift */ = {isa = PBXFileReference; fileEncoding = 4; lastKnownFileType = sourcecode.swift; path = "String+Helper.swift"; sourceTree = "<group>"; };
		BE7030A21FF6000D003FAE2B /* MemoEdit.storyboard */ = {isa = PBXFileReference; lastKnownFileType = file.storyboard; path = MemoEdit.storyboard; sourceTree = "<group>"; };
		BE7030A41FF60028003FAE2B /* MemoEditViewController.swift */ = {isa = PBXFileReference; lastKnownFileType = sourcecode.swift; path = MemoEditViewController.swift; sourceTree = "<group>"; };
		BFF110182DFE2726B084D3B6 /* Pods-skillUpTest_6_171216Tests.release.xcconfig */ = {isa = PBXFileReference; includeInIndex = 1; lastKnownFileType = text.xcconfig; name = "Pods-skillUpTest_6_171216Tests.release.xcconfig"; path = "Pods/Target Support Files/Pods-skillUpTest_6_171216Tests/Pods-skillUpTest_6_171216Tests.release.xcconfig"; sourceTree = "<group>"; };
/* End PBXFileReference section */

/* Begin PBXFrameworksBuildPhase section */
		BE4F73D61FF3783F0058CB24 /* Frameworks */ = {
			isa = PBXFrameworksBuildPhase;
			buildActionMask = 2147483647;
			files = (
				ED58226D8C8E9D348DAFC253 /* Pods_skillUpTest_6_171216.framework in Frameworks */,
			);
			runOnlyForDeploymentPostprocessing = 0;
		};
		BE4F73EA1FF3783F0058CB24 /* Frameworks */ = {
			isa = PBXFrameworksBuildPhase;
			buildActionMask = 2147483647;
			files = (
				1B389785082A067E56228758 /* Pods_skillUpTest_6_171216Tests.framework in Frameworks */,
			);
			runOnlyForDeploymentPostprocessing = 0;
		};
/* End PBXFrameworksBuildPhase section */

/* Begin PBXGroup section */
		44CAFCD2F799D4069F85ABCF /* Pods */ = {
			isa = PBXGroup;
			children = (
				55626A9272D3FE5C749EB9FB /* Pods-skillUpTest_6_171216.debug.xcconfig */,
				3E0ABE3358B24F03EFC13CE5 /* Pods-skillUpTest_6_171216.release.xcconfig */,
				577508CE37E6F3076787BCA4 /* Pods-skillUpTest_6_171216Tests.debug.xcconfig */,
				BFF110182DFE2726B084D3B6 /* Pods-skillUpTest_6_171216Tests.release.xcconfig */,
			);
			name = Pods;
			sourceTree = "<group>";
		};
		47B54D493A203170FE6D66EF /* Frameworks */ = {
			isa = PBXGroup;
			children = (
				A9E9EA753310DE7E6677474B /* Pods_skillUpTest_6_171216.framework */,
				B5932B015AA5D5C3278777E4 /* Pods_skillUpTest_6_171216Tests.framework */,
			);
			name = Frameworks;
			sourceTree = "<group>";
		};
		BE3009D11FF429FD006C007E /* Moc */ = {
			isa = PBXGroup;
			children = (
				BE3009D21FF42A11006C007E /* MocRealm.swift */,
			);
			path = Moc;
			sourceTree = "<group>";
		};
		BE3009D41FF42A57006C007E /* Models */ = {
			isa = PBXGroup;
			children = (
				BE3009D51FF42A73006C007E /* MemoDaoTests.swift */,
				BE3009D71FF4CDB5006C007E /* MemoDtoTests.swift */,
			);
			path = Models;
			sourceTree = "<group>";
		};
		BE3009D91FF4E340006C007E /* MemoEdit */ = {
			isa = PBXGroup;
			children = (
				BE7030A21FF6000D003FAE2B /* MemoEdit.storyboard */,
				BE7030A41FF60028003FAE2B /* MemoEditViewController.swift */,
			);
			path = MemoEdit;
			sourceTree = "<group>";
		};
		BE4F73D01FF3783F0058CB24 = {
			isa = PBXGroup;
			children = (
				47B54D493A203170FE6D66EF /* Frameworks */,
				44CAFCD2F799D4069F85ABCF /* Pods */,
				BE4F73DA1FF3783F0058CB24 /* Products */,
				BE4F73DB1FF3783F0058CB24 /* skillUpTest_6_171216 */,
				BE4F73F01FF3783F0058CB24 /* skillUpTest_6_171216Tests */,
			);
			sourceTree = "<group>";
		};
		BE4F73DA1FF3783F0058CB24 /* Products */ = {
			isa = PBXGroup;
			children = (
				BE4F73D91FF3783F0058CB24 /* skillUpTest_6_171216.app */,
				BE4F73ED1FF3783F0058CB24 /* skillUpTest_6_171216Tests.xctest */,
			);
			name = Products;
			sourceTree = "<group>";
		};
		BE4F73DB1FF3783F0058CB24 /* skillUpTest_6_171216 */ = {
			isa = PBXGroup;
			children = (
				BE4F73FF1FF37A0B0058CB24 /* Controllers */,
				BE4F74111FF388EA0058CB24 /* Extensions */,
				BE4F74011FF37AE90058CB24 /* Helpers */,
				BE4F73FD1FF379FD0058CB24 /* Models */,
				BE4F73FC1FF379E90058CB24 /* Others */,
				BE4F73FE1FF37A050058CB24 /* Views */,
			);
			path = skillUpTest_6_171216;
			sourceTree = "<group>";
		};
		BE4F73F01FF3783F0058CB24 /* skillUpTest_6_171216Tests */ = {
			isa = PBXGroup;
			children = (
				BE3009D11FF429FD006C007E /* Moc */,
				BE3009D41FF42A57006C007E /* Models */,
				BE4F73F31FF3783F0058CB24 /* Info.plist */,
			);
			path = skillUpTest_6_171216Tests;
			sourceTree = "<group>";
		};
		BE4F73FC1FF379E90058CB24 /* Others */ = {
			isa = PBXGroup;
			children = (
				BE4F73DC1FF3783F0058CB24 /* AppDelegate.swift */,
				BE4F73E31FF3783F0058CB24 /* Assets.xcassets */,
				BE4F73E81FF3783F0058CB24 /* Info.plist */,
			);
			path = Others;
			sourceTree = "<group>";
		};
		BE4F73FD1FF379FD0058CB24 /* Models */ = {
			isa = PBXGroup;
			children = (
				BE4F74041FF37B150058CB24 /* MemoDao.swift */,
				BE4F74051FF37B150058CB24 /* MemoDto.swift */,
			);
			path = Models;
			sourceTree = "<group>";
		};
		BE4F73FE1FF37A050058CB24 /* Views */ = {
			isa = PBXGroup;
			children = (
				BE4F740F1FF3851D0058CB24 /* MemoListTableViewCell.swift */,
				BE4F740D1FF3802C0058CB24 /* MemoListTableViewProvider.swift */,
			);
			path = Views;
			sourceTree = "<group>";
		};
		BE4F73FF1FF37A0B0058CB24 /* Controllers */ = {
			isa = PBXGroup;
			children = (
				BE3009D91FF4E340006C007E /* MemoEdit */,
				BE4F74001FF37A200058CB24 /* LaunchScreen */,
				BE4F74081FF37C3F0058CB24 /* MemoList */,
			);
			path = Controllers;
			sourceTree = "<group>";
		};
		BE4F74001FF37A200058CB24 /* LaunchScreen */ = {
			isa = PBXGroup;
			children = (
				BE4F73E51FF3783F0058CB24 /* LaunchScreen.storyboard */,
			);
			path = LaunchScreen;
			sourceTree = "<group>";
		};
		BE4F74011FF37AE90058CB24 /* Helpers */ = {
			isa = PBXGroup;
			children = (
				BE4F74021FF37AE90058CB24 /* RealmDaoHelper.swift */,
			);
			path = Helpers;
			sourceTree = "<group>";
		};
		BE4F74081FF37C3F0058CB24 /* MemoList */ = {
			isa = PBXGroup;
			children = (
				BE4F740A1FF37C3F0058CB24 /* MemoList.storyboard */,
				BE4F74091FF37C3F0058CB24 /* MemoListViewController.swift */,
			);
			path = MemoList;
			sourceTree = "<group>";
		};
		BE4F74111FF388EA0058CB24 /* Extensions */ = {
			isa = PBXGroup;
			children = (
				BE4F74121FF388EA0058CB24 /* String+Helper.swift */,
			);
			path = Extensions;
			sourceTree = "<group>";
		};
/* End PBXGroup section */

/* Begin PBXNativeTarget section */
		BE4F73D81FF3783F0058CB24 /* skillUpTest_6_171216 */ = {
			isa = PBXNativeTarget;
			buildConfigurationList = BE4F73F61FF3783F0058CB24 /* Build configuration list for PBXNativeTarget "skillUpTest_6_171216" */;
			buildPhases = (
				EAA5D1BE4A054A4D2E926CD0 /* [CP] Check Pods Manifest.lock */,
				BE4F73D51FF3783F0058CB24 /* Sources */,
				BE4F73D61FF3783F0058CB24 /* Frameworks */,
				BE4F73D71FF3783F0058CB24 /* Resources */,
				A5A7FE9936BAE60E09D8EB8F /* [CP] Embed Pods Frameworks */,
				45E10C71C29B63245F93EF48 /* [CP] Copy Pods Resources */,
			);
			buildRules = (
			);
			dependencies = (
			);
			name = skillUpTest_6_171216;
			productName = skillUpTest_6_171216;
			productReference = BE4F73D91FF3783F0058CB24 /* skillUpTest_6_171216.app */;
			productType = "com.apple.product-type.application";
		};
		BE4F73EC1FF3783F0058CB24 /* skillUpTest_6_171216Tests */ = {
			isa = PBXNativeTarget;
			buildConfigurationList = BE4F73F91FF3783F0058CB24 /* Build configuration list for PBXNativeTarget "skillUpTest_6_171216Tests" */;
			buildPhases = (
				05AC707842E65B1BA4E033F8 /* [CP] Check Pods Manifest.lock */,
				BE4F73E91FF3783F0058CB24 /* Sources */,
				BE4F73EA1FF3783F0058CB24 /* Frameworks */,
				BE4F73EB1FF3783F0058CB24 /* Resources */,
				AA35588F3A1AA26E948D30A0 /* [CP] Embed Pods Frameworks */,
				7D0B33B4941644E5835750F9 /* [CP] Copy Pods Resources */,
			);
			buildRules = (
			);
			dependencies = (
				BE4F73EF1FF3783F0058CB24 /* PBXTargetDependency */,
			);
			name = skillUpTest_6_171216Tests;
			productName = skillUpTest_6_171216Tests;
			productReference = BE4F73ED1FF3783F0058CB24 /* skillUpTest_6_171216Tests.xctest */;
			productType = "com.apple.product-type.bundle.unit-test";
		};
/* End PBXNativeTarget section */

/* Begin PBXProject section */
		BE4F73D11FF3783F0058CB24 /* Project object */ = {
			isa = PBXProject;
			attributes = {
				LastSwiftUpdateCheck = 0910;
				LastUpgradeCheck = 0910;
				ORGANIZATIONNAME = "Seidi Nakamura";
				TargetAttributes = {
					BE4F73D81FF3783F0058CB24 = {
						CreatedOnToolsVersion = 9.1;
						ProvisioningStyle = Automatic;
					};
					BE4F73EC1FF3783F0058CB24 = {
						CreatedOnToolsVersion = 9.1;
						ProvisioningStyle = Automatic;
						TestTargetID = BE4F73D81FF3783F0058CB24;
					};
				};
			};
			buildConfigurationList = BE4F73D41FF3783F0058CB24 /* Build configuration list for PBXProject "skillUpTest_6_171216" */;
			compatibilityVersion = "Xcode 8.0";
			developmentRegion = en;
			hasScannedForEncodings = 0;
			knownRegions = (
				en,
				Base,
			);
			mainGroup = BE4F73D01FF3783F0058CB24;
			productRefGroup = BE4F73DA1FF3783F0058CB24 /* Products */;
			projectDirPath = "";
			projectRoot = "";
			targets = (
				BE4F73D81FF3783F0058CB24 /* skillUpTest_6_171216 */,
				BE4F73EC1FF3783F0058CB24 /* skillUpTest_6_171216Tests */,
			);
		};
/* End PBXProject section */

/* Begin PBXResourcesBuildPhase section */
		BE4F73D71FF3783F0058CB24 /* Resources */ = {
			isa = PBXResourcesBuildPhase;
			buildActionMask = 2147483647;
			files = (
				BE4F73E71FF3783F0058CB24 /* LaunchScreen.storyboard in Resources */,
				BE4F740C1FF37C3F0058CB24 /* MemoList.storyboard in Resources */,
				BE7030A31FF6000D003FAE2B /* MemoEdit.storyboard in Resources */,
				BE4F73E41FF3783F0058CB24 /* Assets.xcassets in Resources */,
			);
			runOnlyForDeploymentPostprocessing = 0;
		};
		BE4F73EB1FF3783F0058CB24 /* Resources */ = {
			isa = PBXResourcesBuildPhase;
			buildActionMask = 2147483647;
			files = (
			);
			runOnlyForDeploymentPostprocessing = 0;
		};
/* End PBXResourcesBuildPhase section */

/* Begin PBXShellScriptBuildPhase section */
		05AC707842E65B1BA4E033F8 /* [CP] Check Pods Manifest.lock */ = {
			isa = PBXShellScriptBuildPhase;
			buildActionMask = 2147483647;
			files = (
			);
			inputPaths = (
				"${PODS_PODFILE_DIR_PATH}/Podfile.lock",
				"${PODS_ROOT}/Manifest.lock",
			);
			name = "[CP] Check Pods Manifest.lock";
			outputPaths = (
				"$(DERIVED_FILE_DIR)/Pods-skillUpTest_6_171216Tests-checkManifestLockResult.txt",
			);
			runOnlyForDeploymentPostprocessing = 0;
			shellPath = /bin/sh;
			shellScript = "diff \"${PODS_PODFILE_DIR_PATH}/Podfile.lock\" \"${PODS_ROOT}/Manifest.lock\" > /dev/null\nif [ $? != 0 ] ; then\n    # print error to STDERR\n    echo \"error: The sandbox is not in sync with the Podfile.lock. Run 'pod install' or update your CocoaPods installation.\" >&2\n    exit 1\nfi\n# This output is used by Xcode 'outputs' to avoid re-running this script phase.\necho \"SUCCESS\" > \"${SCRIPT_OUTPUT_FILE_0}\"\n";
			showEnvVarsInLog = 0;
		};
		45E10C71C29B63245F93EF48 /* [CP] Copy Pods Resources */ = {
			isa = PBXShellScriptBuildPhase;
			buildActionMask = 2147483647;
			files = (
			);
			inputPaths = (
			);
			name = "[CP] Copy Pods Resources";
			outputPaths = (
			);
			runOnlyForDeploymentPostprocessing = 0;
			shellPath = /bin/sh;
			shellScript = "\"${SRCROOT}/Pods/Target Support Files/Pods-skillUpTest_6_171216/Pods-skillUpTest_6_171216-resources.sh\"\n";
			showEnvVarsInLog = 0;
		};
		7D0B33B4941644E5835750F9 /* [CP] Copy Pods Resources */ = {
			isa = PBXShellScriptBuildPhase;
			buildActionMask = 2147483647;
			files = (
			);
			inputPaths = (
			);
			name = "[CP] Copy Pods Resources";
			outputPaths = (
			);
			runOnlyForDeploymentPostprocessing = 0;
			shellPath = /bin/sh;
			shellScript = "\"${SRCROOT}/Pods/Target Support Files/Pods-skillUpTest_6_171216Tests/Pods-skillUpTest_6_171216Tests-resources.sh\"\n";
			showEnvVarsInLog = 0;
		};
		A5A7FE9936BAE60E09D8EB8F /* [CP] Embed Pods Frameworks */ = {
			isa = PBXShellScriptBuildPhase;
			buildActionMask = 2147483647;
			files = (
			);
			inputPaths = (
				"${SRCROOT}/Pods/Target Support Files/Pods-skillUpTest_6_171216/Pods-skillUpTest_6_171216-frameworks.sh",
				"${BUILT_PRODUCTS_DIR}/Realm/Realm.framework",
				"${BUILT_PRODUCTS_DIR}/RealmSwift/RealmSwift.framework",
				"${BUILT_PRODUCTS_DIR}/STV-Extensions/STV_Extensions.framework",
			);
			name = "[CP] Embed Pods Frameworks";
			outputPaths = (
				"${TARGET_BUILD_DIR}/${FRAMEWORKS_FOLDER_PATH}/Realm.framework",
				"${TARGET_BUILD_DIR}/${FRAMEWORKS_FOLDER_PATH}/RealmSwift.framework",
				"${TARGET_BUILD_DIR}/${FRAMEWORKS_FOLDER_PATH}/STV_Extensions.framework",
			);
			runOnlyForDeploymentPostprocessing = 0;
			shellPath = /bin/sh;
			shellScript = "\"${SRCROOT}/Pods/Target Support Files/Pods-skillUpTest_6_171216/Pods-skillUpTest_6_171216-frameworks.sh\"\n";
			showEnvVarsInLog = 0;
		};
		AA35588F3A1AA26E948D30A0 /* [CP] Embed Pods Frameworks */ = {
			isa = PBXShellScriptBuildPhase;
			buildActionMask = 2147483647;
			files = (
			);
			inputPaths = (
				"${SRCROOT}/Pods/Target Support Files/Pods-skillUpTest_6_171216Tests/Pods-skillUpTest_6_171216Tests-frameworks.sh",
				"${BUILT_PRODUCTS_DIR}/Realm/Realm.framework",
				"${BUILT_PRODUCTS_DIR}/RealmSwift/RealmSwift.framework",
				"${BUILT_PRODUCTS_DIR}/STV-Extensions/STV_Extensions.framework",
			);
			name = "[CP] Embed Pods Frameworks";
			outputPaths = (
				"${TARGET_BUILD_DIR}/${FRAMEWORKS_FOLDER_PATH}/Realm.framework",
				"${TARGET_BUILD_DIR}/${FRAMEWORKS_FOLDER_PATH}/RealmSwift.framework",
				"${TARGET_BUILD_DIR}/${FRAMEWORKS_FOLDER_PATH}/STV_Extensions.framework",
			);
			runOnlyForDeploymentPostprocessing = 0;
			shellPath = /bin/sh;
			shellScript = "\"${SRCROOT}/Pods/Target Support Files/Pods-skillUpTest_6_171216Tests/Pods-skillUpTest_6_171216Tests-frameworks.sh\"\n";
			showEnvVarsInLog = 0;
		};
		EAA5D1BE4A054A4D2E926CD0 /* [CP] Check Pods Manifest.lock */ = {
			isa = PBXShellScriptBuildPhase;
			buildActionMask = 2147483647;
			files = (
			);
			inputPaths = (
				"${PODS_PODFILE_DIR_PATH}/Podfile.lock",
				"${PODS_ROOT}/Manifest.lock",
			);
			name = "[CP] Check Pods Manifest.lock";
			outputPaths = (
				"$(DERIVED_FILE_DIR)/Pods-skillUpTest_6_171216-checkManifestLockResult.txt",
			);
			runOnlyForDeploymentPostprocessing = 0;
			shellPath = /bin/sh;
			shellScript = "diff \"${PODS_PODFILE_DIR_PATH}/Podfile.lock\" \"${PODS_ROOT}/Manifest.lock\" > /dev/null\nif [ $? != 0 ] ; then\n    # print error to STDERR\n    echo \"error: The sandbox is not in sync with the Podfile.lock. Run 'pod install' or update your CocoaPods installation.\" >&2\n    exit 1\nfi\n# This output is used by Xcode 'outputs' to avoid re-running this script phase.\necho \"SUCCESS\" > \"${SCRIPT_OUTPUT_FILE_0}\"\n";
			showEnvVarsInLog = 0;
		};
/* End PBXShellScriptBuildPhase section */

/* Begin PBXSourcesBuildPhase section */
		BE4F73D51FF3783F0058CB24 /* Sources */ = {
			isa = PBXSourcesBuildPhase;
			buildActionMask = 2147483647;
			files = (
				BE4F74031FF37AE90058CB24 /* RealmDaoHelper.swift in Sources */,
				BE4F740B1FF37C3F0058CB24 /* MemoListViewController.swift in Sources */,
				BE4F74071FF37B150058CB24 /* MemoDto.swift in Sources */,
				BE4F74101FF3851D0058CB24 /* MemoListTableViewCell.swift in Sources */,
				BE4F73DD1FF3783F0058CB24 /* AppDelegate.swift in Sources */,
				BE4F740E1FF3802C0058CB24 /* MemoListTableViewProvider.swift in Sources */,
				BE7030A51FF60028003FAE2B /* MemoEditViewController.swift in Sources */,
				BE4F74141FF388EA0058CB24 /* String+Helper.swift in Sources */,
				BE4F74061FF37B150058CB24 /* MemoDao.swift in Sources */,
			);
			runOnlyForDeploymentPostprocessing = 0;
		};
		BE4F73E91FF3783F0058CB24 /* Sources */ = {
			isa = PBXSourcesBuildPhase;
			buildActionMask = 2147483647;
			files = (
				BE3009D81FF4CDB5006C007E /* MemoDtoTests.swift in Sources */,
				BE3009D31FF42A11006C007E /* MocRealm.swift in Sources */,
				BE3009D61FF42A73006C007E /* MemoDaoTests.swift in Sources */,
			);
			runOnlyForDeploymentPostprocessing = 0;
		};
/* End PBXSourcesBuildPhase section */

/* Begin PBXTargetDependency section */
		BE4F73EF1FF3783F0058CB24 /* PBXTargetDependency */ = {
			isa = PBXTargetDependency;
			target = BE4F73D81FF3783F0058CB24 /* skillUpTest_6_171216 */;
			targetProxy = BE4F73EE1FF3783F0058CB24 /* PBXContainerItemProxy */;
		};
/* End PBXTargetDependency section */

/* Begin PBXVariantGroup section */
		BE4F73E51FF3783F0058CB24 /* LaunchScreen.storyboard */ = {
			isa = PBXVariantGroup;
			children = (
				BE4F73E61FF3783F0058CB24 /* Base */,
			);
			name = LaunchScreen.storyboard;
			path = .;
			sourceTree = "<group>";
		};
/* End PBXVariantGroup section */

/* Begin XCBuildConfiguration section */
		BE4F73F41FF3783F0058CB24 /* Debug */ = {
			isa = XCBuildConfiguration;
			buildSettings = {
				ALWAYS_SEARCH_USER_PATHS = NO;
				CLANG_ANALYZER_NONNULL = YES;
				CLANG_ANALYZER_NUMBER_OBJECT_CONVERSION = YES_AGGRESSIVE;
				CLANG_CXX_LANGUAGE_STANDARD = "gnu++14";
				CLANG_CXX_LIBRARY = "libc++";
				CLANG_ENABLE_MODULES = YES;
				CLANG_ENABLE_OBJC_ARC = YES;
				CLANG_WARN_BLOCK_CAPTURE_AUTORELEASING = YES;
				CLANG_WARN_BOOL_CONVERSION = YES;
				CLANG_WARN_COMMA = YES;
				CLANG_WARN_CONSTANT_CONVERSION = YES;
				CLANG_WARN_DIRECT_OBJC_ISA_USAGE = YES_ERROR;
				CLANG_WARN_DOCUMENTATION_COMMENTS = YES;
				CLANG_WARN_EMPTY_BODY = YES;
				CLANG_WARN_ENUM_CONVERSION = YES;
				CLANG_WARN_INFINITE_RECURSION = YES;
				CLANG_WARN_INT_CONVERSION = YES;
				CLANG_WARN_NON_LITERAL_NULL_CONVERSION = YES;
				CLANG_WARN_OBJC_LITERAL_CONVERSION = YES;
				CLANG_WARN_OBJC_ROOT_CLASS = YES_ERROR;
				CLANG_WARN_RANGE_LOOP_ANALYSIS = YES;
				CLANG_WARN_STRICT_PROTOTYPES = YES;
				CLANG_WARN_SUSPICIOUS_MOVE = YES;
				CLANG_WARN_UNGUARDED_AVAILABILITY = YES_AGGRESSIVE;
				CLANG_WARN_UNREACHABLE_CODE = YES;
				CLANG_WARN__DUPLICATE_METHOD_MATCH = YES;
				CODE_SIGN_IDENTITY = "iPhone Developer";
				COPY_PHASE_STRIP = NO;
				DEBUG_INFORMATION_FORMAT = dwarf;
				ENABLE_STRICT_OBJC_MSGSEND = YES;
				ENABLE_TESTABILITY = YES;
				GCC_C_LANGUAGE_STANDARD = gnu11;
				GCC_DYNAMIC_NO_PIC = NO;
				GCC_NO_COMMON_BLOCKS = YES;
				GCC_OPTIMIZATION_LEVEL = 0;
				GCC_PREPROCESSOR_DEFINITIONS = (
					"DEBUG=1",
					"$(inherited)",
				);
				GCC_WARN_64_TO_32_BIT_CONVERSION = YES;
				GCC_WARN_ABOUT_RETURN_TYPE = YES_ERROR;
				GCC_WARN_UNDECLARED_SELECTOR = YES;
				GCC_WARN_UNINITIALIZED_AUTOS = YES_AGGRESSIVE;
				GCC_WARN_UNUSED_FUNCTION = YES;
				GCC_WARN_UNUSED_VARIABLE = YES;
				IPHONEOS_DEPLOYMENT_TARGET = 11.1;
				MTL_ENABLE_DEBUG_INFO = YES;
				ONLY_ACTIVE_ARCH = YES;
				SDKROOT = iphoneos;
				SWIFT_ACTIVE_COMPILATION_CONDITIONS = DEBUG;
				SWIFT_OPTIMIZATION_LEVEL = "-Onone";
			};
			name = Debug;
		};
		BE4F73F51FF3783F0058CB24 /* Release */ = {
			isa = XCBuildConfiguration;
			buildSettings = {
				ALWAYS_SEARCH_USER_PATHS = NO;
				CLANG_ANALYZER_NONNULL = YES;
				CLANG_ANALYZER_NUMBER_OBJECT_CONVERSION = YES_AGGRESSIVE;
				CLANG_CXX_LANGUAGE_STANDARD = "gnu++14";
				CLANG_CXX_LIBRARY = "libc++";
				CLANG_ENABLE_MODULES = YES;
				CLANG_ENABLE_OBJC_ARC = YES;
				CLANG_WARN_BLOCK_CAPTURE_AUTORELEASING = YES;
				CLANG_WARN_BOOL_CONVERSION = YES;
				CLANG_WARN_COMMA = YES;
				CLANG_WARN_CONSTANT_CONVERSION = YES;
				CLANG_WARN_DIRECT_OBJC_ISA_USAGE = YES_ERROR;
				CLANG_WARN_DOCUMENTATION_COMMENTS = YES;
				CLANG_WARN_EMPTY_BODY = YES;
				CLANG_WARN_ENUM_CONVERSION = YES;
				CLANG_WARN_INFINITE_RECURSION = YES;
				CLANG_WARN_INT_CONVERSION = YES;
				CLANG_WARN_NON_LITERAL_NULL_CONVERSION = YES;
				CLANG_WARN_OBJC_LITERAL_CONVERSION = YES;
				CLANG_WARN_OBJC_ROOT_CLASS = YES_ERROR;
				CLANG_WARN_RANGE_LOOP_ANALYSIS = YES;
				CLANG_WARN_STRICT_PROTOTYPES = YES;
				CLANG_WARN_SUSPICIOUS_MOVE = YES;
				CLANG_WARN_UNGUARDED_AVAILABILITY = YES_AGGRESSIVE;
				CLANG_WARN_UNREACHABLE_CODE = YES;
				CLANG_WARN__DUPLICATE_METHOD_MATCH = YES;
				CODE_SIGN_IDENTITY = "iPhone Developer";
				COPY_PHASE_STRIP = NO;
				DEBUG_INFORMATION_FORMAT = "dwarf-with-dsym";
				ENABLE_NS_ASSERTIONS = NO;
				ENABLE_STRICT_OBJC_MSGSEND = YES;
				GCC_C_LANGUAGE_STANDARD = gnu11;
				GCC_NO_COMMON_BLOCKS = YES;
				GCC_WARN_64_TO_32_BIT_CONVERSION = YES;
				GCC_WARN_ABOUT_RETURN_TYPE = YES_ERROR;
				GCC_WARN_UNDECLARED_SELECTOR = YES;
				GCC_WARN_UNINITIALIZED_AUTOS = YES_AGGRESSIVE;
				GCC_WARN_UNUSED_FUNCTION = YES;
				GCC_WARN_UNUSED_VARIABLE = YES;
				IPHONEOS_DEPLOYMENT_TARGET = 11.1;
				MTL_ENABLE_DEBUG_INFO = NO;
				SDKROOT = iphoneos;
				SWIFT_OPTIMIZATION_LEVEL = "-Owholemodule";
				VALIDATE_PRODUCT = YES;
			};
			name = Release;
		};
		BE4F73F71FF3783F0058CB24 /* Debug */ = {
			isa = XCBuildConfiguration;
			baseConfigurationReference = 55626A9272D3FE5C749EB9FB /* Pods-skillUpTest_6_171216.debug.xcconfig */;
			buildSettings = {
				ASSETCATALOG_COMPILER_APPICON_NAME = AppIcon;
				CODE_SIGN_STYLE = Automatic;
				INFOPLIST_FILE = "$(SRCROOT)/skillUpTest_6_171216/Others/Info.plist";
				LD_RUNPATH_SEARCH_PATHS = "$(inherited) @executable_path/Frameworks";
				PRODUCT_BUNDLE_IDENTIFIER = "jp.ac.neec.skillUpTest-6-171216";
				PRODUCT_NAME = "$(TARGET_NAME)";
				SWIFT_VERSION = 4.0;
				TARGETED_DEVICE_FAMILY = "1,2";
			};
			name = Debug;
		};
		BE4F73F81FF3783F0058CB24 /* Release */ = {
			isa = XCBuildConfiguration;
			baseConfigurationReference = 3E0ABE3358B24F03EFC13CE5 /* Pods-skillUpTest_6_171216.release.xcconfig */;
			buildSettings = {
				ASSETCATALOG_COMPILER_APPICON_NAME = AppIcon;
				CODE_SIGN_STYLE = Automatic;
				INFOPLIST_FILE = "$(SRCROOT)/skillUpTest_6_171216/Others/Info.plist";
				LD_RUNPATH_SEARCH_PATHS = "$(inherited) @executable_path/Frameworks";
				PRODUCT_BUNDLE_IDENTIFIER = "jp.ac.neec.skillUpTest-6-171216";
				PRODUCT_NAME = "$(TARGET_NAME)";
				SWIFT_VERSION = 4.0;
				TARGETED_DEVICE_FAMILY = "1,2";
			};
			name = Release;
		};
		BE4F73FA1FF3783F0058CB24 /* Debug */ = {
			isa = XCBuildConfiguration;
			baseConfigurationReference = 577508CE37E6F3076787BCA4 /* Pods-skillUpTest_6_171216Tests.debug.xcconfig */;
			buildSettings = {
				ALWAYS_EMBED_SWIFT_STANDARD_LIBRARIES = YES;
				BUNDLE_LOADER = "$(TEST_HOST)";
				CODE_SIGN_STYLE = Automatic;
				INFOPLIST_FILE = skillUpTest_6_171216Tests/Info.plist;
				LD_RUNPATH_SEARCH_PATHS = "$(inherited) @executable_path/Frameworks @loader_path/Frameworks";
				PRODUCT_BUNDLE_IDENTIFIER = "jp.ac.neec.skillUpTest-6-171216Tests";
				PRODUCT_NAME = "$(TARGET_NAME)";
				SWIFT_VERSION = 4.0;
				TARGETED_DEVICE_FAMILY = "1,2";
				TEST_HOST = "$(BUILT_PRODUCTS_DIR)/skillUpTest_6_171216.app/skillUpTest_6_171216";
			};
			name = Debug;
		};
		BE4F73FB1FF3783F0058CB24 /* Release */ = {
			isa = XCBuildConfiguration;
			baseConfigurationReference = BFF110182DFE2726B084D3B6 /* Pods-skillUpTest_6_171216Tests.release.xcconfig */;
			buildSettings = {
				ALWAYS_EMBED_SWIFT_STANDARD_LIBRARIES = YES;
				BUNDLE_LOADER = "$(TEST_HOST)";
				CODE_SIGN_STYLE = Automatic;
				INFOPLIST_FILE = skillUpTest_6_171216Tests/Info.plist;
				LD_RUNPATH_SEARCH_PATHS = "$(inherited) @executable_path/Frameworks @loader_path/Frameworks";
				PRODUCT_BUNDLE_IDENTIFIER = "jp.ac.neec.skillUpTest-6-171216Tests";
				PRODUCT_NAME = "$(TARGET_NAME)";
				SWIFT_VERSION = 4.0;
				TARGETED_DEVICE_FAMILY = "1,2";
				TEST_HOST = "$(BUILT_PRODUCTS_DIR)/skillUpTest_6_171216.app/skillUpTest_6_171216";
			};
			name = Release;
		};
/* End XCBuildConfiguration section */

/* Begin XCConfigurationList section */
		BE4F73D41FF3783F0058CB24 /* Build configuration list for PBXProject "skillUpTest_6_171216" */ = {
			isa = XCConfigurationList;
			buildConfigurations = (
				BE4F73F41FF3783F0058CB24 /* Debug */,
				BE4F73F51FF3783F0058CB24 /* Release */,
			);
			defaultConfigurationIsVisible = 0;
			defaultConfigurationName = Release;
		};
		BE4F73F61FF3783F0058CB24 /* Build configuration list for PBXNativeTarget "skillUpTest_6_171216" */ = {
			isa = XCConfigurationList;
			buildConfigurations = (
				BE4F73F71FF3783F0058CB24 /* Debug */,
				BE4F73F81FF3783F0058CB24 /* Release */,
			);
			defaultConfigurationIsVisible = 0;
			defaultConfigurationName = Release;
		};
		BE4F73F91FF3783F0058CB24 /* Build configuration list for PBXNativeTarget "skillUpTest_6_171216Tests" */ = {
			isa = XCConfigurationList;
			buildConfigurations = (
				BE4F73FA1FF3783F0058CB24 /* Debug */,
				BE4F73FB1FF3783F0058CB24 /* Release */,
			);
			defaultConfigurationIsVisible = 0;
			defaultConfigurationName = Release;
		};
/* End XCConfigurationList section */
	};
	rootObject = BE4F73D11FF3783F0058CB24 /* Project object */;
}
